// !$*UTF8*$!
{
	archiveVersion = 1;
	classes = {
	};
	objectVersion = 56;
	objects = {

/* Begin PBXBuildFile section */
		2A8C48642C1FB8F3007C0D98 /* Weather_AppApp.swift in Sources */ = {isa = PBXBuildFile; fileRef = 2A8C48632C1FB8F3007C0D98 /* Weather_AppApp.swift */; };
		2A8C48662C1FB8F3007C0D98 /* ContentView.swift in Sources */ = {isa = PBXBuildFile; fileRef = 2A8C48652C1FB8F3007C0D98 /* ContentView.swift */; };
		2A8C48682C1FB8F4007C0D98 /* Assets.xcassets in Resources */ = {isa = PBXBuildFile; fileRef = 2A8C48672C1FB8F4007C0D98 /* Assets.xcassets */; };
		2A8C486B2C1FB8F4007C0D98 /* Preview Assets.xcassets in Resources */ = {isa = PBXBuildFile; fileRef = 2A8C486A2C1FB8F4007C0D98 /* Preview Assets.xcassets */; };
		2A8C48702C1FB8F4007C0D98 /* Weather_App.xcdatamodeld in Sources */ = {isa = PBXBuildFile; fileRef = 2A8C486E2C1FB8F4007C0D98 /* Weather_App.xcdatamodeld */; };
		2A8C487A2C1FB8F4007C0D98 /* Weather_AppTests.swift in Sources */ = {isa = PBXBuildFile; fileRef = 2A8C48792C1FB8F4007C0D98 /* Weather_AppTests.swift */; };
		2A8C48842C1FB8F5007C0D98 /* Weather_AppUITests.swift in Sources */ = {isa = PBXBuildFile; fileRef = 2A8C48832C1FB8F5007C0D98 /* Weather_AppUITests.swift */; };
		2A8C48862C1FB8F5007C0D98 /* Weather_AppUITestsLaunchTests.swift in Sources */ = {isa = PBXBuildFile; fileRef = 2A8C48852C1FB8F5007C0D98 /* Weather_AppUITestsLaunchTests.swift */; };
		2A8C48932C20EEF6007C0D98 /* ApiService.swift in Sources */ = {isa = PBXBuildFile; fileRef = 2A8C48922C20EEF6007C0D98 /* ApiService.swift */; };
		2A8C48952C20EF4F007C0D98 /* Forecast.swift in Sources */ = {isa = PBXBuildFile; fileRef = 2A8C48942C20EF4F007C0D98 /* Forecast.swift */; };
		2A8C48972C2228F8007C0D98 /* ForecastViewModel.swift in Sources */ = {isa = PBXBuildFile; fileRef = 2A8C48962C2228F8007C0D98 /* ForecastViewModel.swift */; };
		2A8C48992C222DFD007C0D98 /* ForecastListViewModel.swift in Sources */ = {isa = PBXBuildFile; fileRef = 2A8C48982C222DFD007C0D98 /* ForecastListViewModel.swift */; };
		2A8C489C2C224CD4007C0D98 /* SDWebImageSwiftUI in Frameworks */ = {isa = PBXBuildFile; productRef = 2A8C489B2C224CD4007C0D98 /* SDWebImageSwiftUI */; };
/* End PBXBuildFile section */

/* Begin PBXContainerItemProxy section */
		2A8C48762C1FB8F4007C0D98 /* PBXContainerItemProxy */ = {
			isa = PBXContainerItemProxy;
			containerPortal = 2A8C48582C1FB8F3007C0D98 /* Project object */;
			proxyType = 1;
			remoteGlobalIDString = 2A8C485F2C1FB8F3007C0D98;
			remoteInfo = "Weather App";
		};
		2A8C48802C1FB8F5007C0D98 /* PBXContainerItemProxy */ = {
			isa = PBXContainerItemProxy;
			containerPortal = 2A8C48582C1FB8F3007C0D98 /* Project object */;
			proxyType = 1;
			remoteGlobalIDString = 2A8C485F2C1FB8F3007C0D98;
			remoteInfo = "Weather App";
		};
/* End PBXContainerItemProxy section */

/* Begin PBXFileReference section */
		2A8C48602C1FB8F3007C0D98 /* Weather App.app */ = {isa = PBXFileReference; explicitFileType = wrapper.application; includeInIndex = 0; path = "Weather App.app"; sourceTree = BUILT_PRODUCTS_DIR; };
		2A8C48632C1FB8F3007C0D98 /* Weather_AppApp.swift */ = {isa = PBXFileReference; lastKnownFileType = sourcecode.swift; path = Weather_AppApp.swift; sourceTree = "<group>"; };
		2A8C48652C1FB8F3007C0D98 /* ContentView.swift */ = {isa = PBXFileReference; lastKnownFileType = sourcecode.swift; path = ContentView.swift; sourceTree = "<group>"; };
		2A8C48672C1FB8F4007C0D98 /* Assets.xcassets */ = {isa = PBXFileReference; lastKnownFileType = folder.assetcatalog; path = Assets.xcassets; sourceTree = "<group>"; };
		2A8C486A2C1FB8F4007C0D98 /* Preview Assets.xcassets */ = {isa = PBXFileReference; lastKnownFileType = folder.assetcatalog; path = "Preview Assets.xcassets"; sourceTree = "<group>"; };
		2A8C486F2C1FB8F4007C0D98 /* Weather_App.xcdatamodel */ = {isa = PBXFileReference; lastKnownFileType = wrapper.xcdatamodel; path = Weather_App.xcdatamodel; sourceTree = "<group>"; };
		2A8C48752C1FB8F4007C0D98 /* Weather AppTests.xctest */ = {isa = PBXFileReference; explicitFileType = wrapper.cfbundle; includeInIndex = 0; path = "Weather AppTests.xctest"; sourceTree = BUILT_PRODUCTS_DIR; };
		2A8C48792C1FB8F4007C0D98 /* Weather_AppTests.swift */ = {isa = PBXFileReference; lastKnownFileType = sourcecode.swift; path = Weather_AppTests.swift; sourceTree = "<group>"; };
		2A8C487F2C1FB8F5007C0D98 /* Weather AppUITests.xctest */ = {isa = PBXFileReference; explicitFileType = wrapper.cfbundle; includeInIndex = 0; path = "Weather AppUITests.xctest"; sourceTree = BUILT_PRODUCTS_DIR; };
		2A8C48832C1FB8F5007C0D98 /* Weather_AppUITests.swift */ = {isa = PBXFileReference; lastKnownFileType = sourcecode.swift; path = Weather_AppUITests.swift; sourceTree = "<group>"; };
		2A8C48852C1FB8F5007C0D98 /* Weather_AppUITestsLaunchTests.swift */ = {isa = PBXFileReference; lastKnownFileType = sourcecode.swift; path = Weather_AppUITestsLaunchTests.swift; sourceTree = "<group>"; };
		2A8C48922C20EEF6007C0D98 /* ApiService.swift */ = {isa = PBXFileReference; fileEncoding = 4; lastKnownFileType = sourcecode.swift; path = ApiService.swift; sourceTree = "<group>"; };
		2A8C48942C20EF4F007C0D98 /* Forecast.swift */ = {isa = PBXFileReference; lastKnownFileType = sourcecode.swift; path = Forecast.swift; sourceTree = "<group>"; };
		2A8C48962C2228F8007C0D98 /* ForecastViewModel.swift */ = {isa = PBXFileReference; lastKnownFileType = sourcecode.swift; path = ForecastViewModel.swift; sourceTree = "<group>"; };
		2A8C48982C222DFD007C0D98 /* ForecastListViewModel.swift */ = {isa = PBXFileReference; lastKnownFileType = sourcecode.swift; path = ForecastListViewModel.swift; sourceTree = "<group>"; };
/* End PBXFileReference section */

/* Begin PBXFrameworksBuildPhase section */
		2A8C485D2C1FB8F3007C0D98 /* Frameworks */ = {
			isa = PBXFrameworksBuildPhase;
			buildActionMask = 2147483647;
			files = (
				2A8C489C2C224CD4007C0D98 /* SDWebImageSwiftUI in Frameworks */,
			);
			runOnlyForDeploymentPostprocessing = 0;
		};
		2A8C48722C1FB8F4007C0D98 /* Frameworks */ = {
			isa = PBXFrameworksBuildPhase;
			buildActionMask = 2147483647;
			files = (
			);
			runOnlyForDeploymentPostprocessing = 0;
		};
		2A8C487C2C1FB8F5007C0D98 /* Frameworks */ = {
			isa = PBXFrameworksBuildPhase;
			buildActionMask = 2147483647;
			files = (
			);
			runOnlyForDeploymentPostprocessing = 0;
		};
/* End PBXFrameworksBuildPhase section */

/* Begin PBXGroup section */
		2A8C48572C1FB8F3007C0D98 = {
			isa = PBXGroup;
			children = (
				2A8C48622C1FB8F3007C0D98 /* Weather App */,
				2A8C48782C1FB8F4007C0D98 /* Weather AppTests */,
				2A8C48822C1FB8F5007C0D98 /* Weather AppUITests */,
				2A8C48612C1FB8F3007C0D98 /* Products */,
			);
			sourceTree = "<group>";
		};
		2A8C48612C1FB8F3007C0D98 /* Products */ = {
			isa = PBXGroup;
			children = (
				2A8C48602C1FB8F3007C0D98 /* Weather App.app */,
				2A8C48752C1FB8F4007C0D98 /* Weather AppTests.xctest */,
				2A8C487F2C1FB8F5007C0D98 /* Weather AppUITests.xctest */,
			);
			name = Products;
			sourceTree = "<group>";
		};
		2A8C48622C1FB8F3007C0D98 /* Weather App */ = {
			isa = PBXGroup;
			children = (
				2A8C48632C1FB8F3007C0D98 /* Weather_AppApp.swift */,
				2A8C48652C1FB8F3007C0D98 /* ContentView.swift */,
				2A8C48942C20EF4F007C0D98 /* Forecast.swift */,
				2A8C48962C2228F8007C0D98 /* ForecastViewModel.swift */,
				2A8C48982C222DFD007C0D98 /* ForecastListViewModel.swift */,
				2A8C48672C1FB8F4007C0D98 /* Assets.xcassets */,
				2A8C48922C20EEF6007C0D98 /* ApiService.swift */,
				2A8C486E2C1FB8F4007C0D98 /* Weather_App.xcdatamodeld */,
				2A8C48692C1FB8F4007C0D98 /* Preview Content */,
			);
			path = "Weather App";
			sourceTree = "<group>";
		};
		2A8C48692C1FB8F4007C0D98 /* Preview Content */ = {
			isa = PBXGroup;
			children = (
				2A8C486A2C1FB8F4007C0D98 /* Preview Assets.xcassets */,
			);
			path = "Preview Content";
			sourceTree = "<group>";
		};
		2A8C48782C1FB8F4007C0D98 /* Weather AppTests */ = {
			isa = PBXGroup;
			children = (
				2A8C48792C1FB8F4007C0D98 /* Weather_AppTests.swift */,
			);
			path = "Weather AppTests";
			sourceTree = "<group>";
		};
		2A8C48822C1FB8F5007C0D98 /* Weather AppUITests */ = {
			isa = PBXGroup;
			children = (
				2A8C48832C1FB8F5007C0D98 /* Weather_AppUITests.swift */,
				2A8C48852C1FB8F5007C0D98 /* Weather_AppUITestsLaunchTests.swift */,
			);
			path = "Weather AppUITests";
			sourceTree = "<group>";
		};
/* End PBXGroup section */

/* Begin PBXNativeTarget section */
		2A8C485F2C1FB8F3007C0D98 /* Weather App */ = {
			isa = PBXNativeTarget;
			buildConfigurationList = 2A8C48892C1FB8F5007C0D98 /* Build configuration list for PBXNativeTarget "Weather App" */;
			buildPhases = (
				2A8C485C2C1FB8F3007C0D98 /* Sources */,
				2A8C485D2C1FB8F3007C0D98 /* Frameworks */,
				2A8C485E2C1FB8F3007C0D98 /* Resources */,
			);
			buildRules = (
			);
			dependencies = (
			);
			name = "Weather App";
			packageProductDependencies = (
				2A8C489B2C224CD4007C0D98 /* SDWebImageSwiftUI */,
			);
			productName = "Weather App";
			productReference = 2A8C48602C1FB8F3007C0D98 /* Weather App.app */;
			productType = "com.apple.product-type.application";
		};
		2A8C48742C1FB8F4007C0D98 /* Weather AppTests */ = {
			isa = PBXNativeTarget;
			buildConfigurationList = 2A8C488C2C1FB8F5007C0D98 /* Build configuration list for PBXNativeTarget "Weather AppTests" */;
			buildPhases = (
				2A8C48712C1FB8F4007C0D98 /* Sources */,
				2A8C48722C1FB8F4007C0D98 /* Frameworks */,
				2A8C48732C1FB8F4007C0D98 /* Resources */,
			);
			buildRules = (
			);
			dependencies = (
				2A8C48772C1FB8F4007C0D98 /* PBXTargetDependency */,
			);
			name = "Weather AppTests";
			productName = "Weather AppTests";
			productReference = 2A8C48752C1FB8F4007C0D98 /* Weather AppTests.xctest */;
			productType = "com.apple.product-type.bundle.unit-test";
		};
		2A8C487E2C1FB8F5007C0D98 /* Weather AppUITests */ = {
			isa = PBXNativeTarget;
			buildConfigurationList = 2A8C488F2C1FB8F5007C0D98 /* Build configuration list for PBXNativeTarget "Weather AppUITests" */;
			buildPhases = (
				2A8C487B2C1FB8F5007C0D98 /* Sources */,
				2A8C487C2C1FB8F5007C0D98 /* Frameworks */,
				2A8C487D2C1FB8F5007C0D98 /* Resources */,
			);
			buildRules = (
			);
			dependencies = (
				2A8C48812C1FB8F5007C0D98 /* PBXTargetDependency */,
			);
			name = "Weather AppUITests";
			productName = "Weather AppUITests";
			productReference = 2A8C487F2C1FB8F5007C0D98 /* Weather AppUITests.xctest */;
			productType = "com.apple.product-type.bundle.ui-testing";
		};
/* End PBXNativeTarget section */

/* Begin PBXProject section */
		2A8C48582C1FB8F3007C0D98 /* Project object */ = {
			isa = PBXProject;
			attributes = {
				BuildIndependentTargetsInParallel = 1;
				LastSwiftUpdateCheck = 1510;
				LastUpgradeCheck = 1510;
				TargetAttributes = {
					2A8C485F2C1FB8F3007C0D98 = {
						CreatedOnToolsVersion = 15.1;
					};
					2A8C48742C1FB8F4007C0D98 = {
						CreatedOnToolsVersion = 15.1;
						TestTargetID = 2A8C485F2C1FB8F3007C0D98;
					};
					2A8C487E2C1FB8F5007C0D98 = {
						CreatedOnToolsVersion = 15.1;
						TestTargetID = 2A8C485F2C1FB8F3007C0D98;
					};
				};
			};
			buildConfigurationList = 2A8C485B2C1FB8F3007C0D98 /* Build configuration list for PBXProject "Weather App" */;
			compatibilityVersion = "Xcode 14.0";
			developmentRegion = en;
			hasScannedForEncodings = 0;
			knownRegions = (
				en,
				Base,
			);
			mainGroup = 2A8C48572C1FB8F3007C0D98;
			packageReferences = (
				2A8C489A2C224CD4007C0D98 /* XCRemoteSwiftPackageReference "SDWebImageSwiftUI" */,
			);
			productRefGroup = 2A8C48612C1FB8F3007C0D98 /* Products */;
			projectDirPath = "";
			projectRoot = "";
			targets = (
				2A8C485F2C1FB8F3007C0D98 /* Weather App */,
				2A8C48742C1FB8F4007C0D98 /* Weather AppTests */,
				2A8C487E2C1FB8F5007C0D98 /* Weather AppUITests */,
			);
		};
/* End PBXProject section */

/* Begin PBXResourcesBuildPhase section */
		2A8C485E2C1FB8F3007C0D98 /* Resources */ = {
			isa = PBXResourcesBuildPhase;
			buildActionMask = 2147483647;
			files = (
				2A8C486B2C1FB8F4007C0D98 /* Preview Assets.xcassets in Resources */,
				2A8C48682C1FB8F4007C0D98 /* Assets.xcassets in Resources */,
			);
			runOnlyForDeploymentPostprocessing = 0;
		};
		2A8C48732C1FB8F4007C0D98 /* Resources */ = {
			isa = PBXResourcesBuildPhase;
			buildActionMask = 2147483647;
			files = (
			);
			runOnlyForDeploymentPostprocessing = 0;
		};
		2A8C487D2C1FB8F5007C0D98 /* Resources */ = {
			isa = PBXResourcesBuildPhase;
			buildActionMask = 2147483647;
			files = (
			);
			runOnlyForDeploymentPostprocessing = 0;
		};
/* End PBXResourcesBuildPhase section */

/* Begin PBXSourcesBuildPhase section */
		2A8C485C2C1FB8F3007C0D98 /* Sources */ = {
			isa = PBXSourcesBuildPhase;
			buildActionMask = 2147483647;
			files = (
				2A8C48702C1FB8F4007C0D98 /* Weather_App.xcdatamodeld in Sources */,
				2A8C48992C222DFD007C0D98 /* ForecastListViewModel.swift in Sources */,
				2A8C48932C20EEF6007C0D98 /* ApiService.swift in Sources */,
				2A8C48662C1FB8F3007C0D98 /* ContentView.swift in Sources */,
				2A8C48972C2228F8007C0D98 /* ForecastViewModel.swift in Sources */,
				2A8C48952C20EF4F007C0D98 /* Forecast.swift in Sources */,
				2A8C48642C1FB8F3007C0D98 /* Weather_AppApp.swift in Sources */,
			);
			runOnlyForDeploymentPostprocessing = 0;
		};
		2A8C48712C1FB8F4007C0D98 /* Sources */ = {
			isa = PBXSourcesBuildPhase;
			buildActionMask = 2147483647;
			files = (
				2A8C487A2C1FB8F4007C0D98 /* Weather_AppTests.swift in Sources */,
			);
			runOnlyForDeploymentPostprocessing = 0;
		};
		2A8C487B2C1FB8F5007C0D98 /* Sources */ = {
			isa = PBXSourcesBuildPhase;
			buildActionMask = 2147483647;
			files = (
				2A8C48842C1FB8F5007C0D98 /* Weather_AppUITests.swift in Sources */,
				2A8C48862C1FB8F5007C0D98 /* Weather_AppUITestsLaunchTests.swift in Sources */,
			);
			runOnlyForDeploymentPostprocessing = 0;
		};
/* End PBXSourcesBuildPhase section */

/* Begin PBXTargetDependency section */
		2A8C48772C1FB8F4007C0D98 /* PBXTargetDependency */ = {
			isa = PBXTargetDependency;
			target = 2A8C485F2C1FB8F3007C0D98 /* Weather App */;
			targetProxy = 2A8C48762C1FB8F4007C0D98 /* PBXContainerItemProxy */;
		};
		2A8C48812C1FB8F5007C0D98 /* PBXTargetDependency */ = {
			isa = PBXTargetDependency;
			target = 2A8C485F2C1FB8F3007C0D98 /* Weather App */;
			targetProxy = 2A8C48802C1FB8F5007C0D98 /* PBXContainerItemProxy */;
		};
/* End PBXTargetDependency section */

/* Begin XCBuildConfiguration section */
		2A8C48872C1FB8F5007C0D98 /* Debug */ = {
			isa = XCBuildConfiguration;
			buildSettings = {
				ALWAYS_SEARCH_USER_PATHS = NO;
				ASSETCATALOG_COMPILER_GENERATE_SWIFT_ASSET_SYMBOL_EXTENSIONS = YES;
				CLANG_ANALYZER_NONNULL = YES;
				CLANG_ANALYZER_NUMBER_OBJECT_CONVERSION = YES_AGGRESSIVE;
				CLANG_CXX_LANGUAGE_STANDARD = "gnu++20";
				CLANG_ENABLE_MODULES = YES;
				CLANG_ENABLE_OBJC_ARC = YES;
				CLANG_ENABLE_OBJC_WEAK = YES;
				CLANG_WARN_BLOCK_CAPTURE_AUTORELEASING = YES;
				CLANG_WARN_BOOL_CONVERSION = YES;
				CLANG_WARN_COMMA = YES;
				CLANG_WARN_CONSTANT_CONVERSION = YES;
				CLANG_WARN_DEPRECATED_OBJC_IMPLEMENTATIONS = YES;
				CLANG_WARN_DIRECT_OBJC_ISA_USAGE = YES_ERROR;
				CLANG_WARN_DOCUMENTATION_COMMENTS = YES;
				CLANG_WARN_EMPTY_BODY = YES;
				CLANG_WARN_ENUM_CONVERSION = YES;
				CLANG_WARN_INFINITE_RECURSION = YES;
				CLANG_WARN_INT_CONVERSION = YES;
				CLANG_WARN_NON_LITERAL_NULL_CONVERSION = YES;
				CLANG_WARN_OBJC_IMPLICIT_RETAIN_SELF = YES;
				CLANG_WARN_OBJC_LITERAL_CONVERSION = YES;
				CLANG_WARN_OBJC_ROOT_CLASS = YES_ERROR;
				CLANG_WARN_QUOTED_INCLUDE_IN_FRAMEWORK_HEADER = YES;
				CLANG_WARN_RANGE_LOOP_ANALYSIS = YES;
				CLANG_WARN_STRICT_PROTOTYPES = YES;
				CLANG_WARN_SUSPICIOUS_MOVE = YES;
				CLANG_WARN_UNGUARDED_AVAILABILITY = YES_AGGRESSIVE;
				CLANG_WARN_UNREACHABLE_CODE = YES;
				CLANG_WARN__DUPLICATE_METHOD_MATCH = YES;
				COPY_PHASE_STRIP = NO;
				DEBUG_INFORMATION_FORMAT = dwarf;
				ENABLE_STRICT_OBJC_MSGSEND = YES;
				ENABLE_TESTABILITY = YES;
				ENABLE_USER_SCRIPT_SANDBOXING = YES;
				GCC_C_LANGUAGE_STANDARD = gnu17;
				GCC_DYNAMIC_NO_PIC = NO;
				GCC_NO_COMMON_BLOCKS = YES;
				GCC_OPTIMIZATION_LEVEL = 0;
				GCC_PREPROCESSOR_DEFINITIONS = (
					"DEBUG=1",
					"$(inherited)",
				);
				GCC_WARN_64_TO_32_BIT_CONVERSION = YES;
				GCC_WARN_ABOUT_RETURN_TYPE = YES_ERROR;
				GCC_WARN_UNDECLARED_SELECTOR = YES;
				GCC_WARN_UNINITIALIZED_AUTOS = YES_AGGRESSIVE;
				GCC_WARN_UNUSED_FUNCTION = YES;
				GCC_WARN_UNUSED_VARIABLE = YES;
				IPHONEOS_DEPLOYMENT_TARGET = 17.2;
				LOCALIZATION_PREFERS_STRING_CATALOGS = YES;
				MTL_ENABLE_DEBUG_INFO = INCLUDE_SOURCE;
				MTL_FAST_MATH = YES;
				ONLY_ACTIVE_ARCH = YES;
				SDKROOT = iphoneos;
				SWIFT_ACTIVE_COMPILATION_CONDITIONS = "DEBUG $(inherited)";
				SWIFT_OPTIMIZATION_LEVEL = "-Onone";
			};
			name = Debug;
		};
		2A8C48882C1FB8F5007C0D98 /* Release */ = {
			isa = XCBuildConfiguration;
			buildSettings = {
				ALWAYS_SEARCH_USER_PATHS = NO;
				ASSETCATALOG_COMPILER_GENERATE_SWIFT_ASSET_SYMBOL_EXTENSIONS = YES;
				CLANG_ANALYZER_NONNULL = YES;
				CLANG_ANALYZER_NUMBER_OBJECT_CONVERSION = YES_AGGRESSIVE;
				CLANG_CXX_LANGUAGE_STANDARD = "gnu++20";
				CLANG_ENABLE_MODULES = YES;
				CLANG_ENABLE_OBJC_ARC = YES;
				CLANG_ENABLE_OBJC_WEAK = YES;
				CLANG_WARN_BLOCK_CAPTURE_AUTORELEASING = YES;
				CLANG_WARN_BOOL_CONVERSION = YES;
				CLANG_WARN_COMMA = YES;
				CLANG_WARN_CONSTANT_CONVERSION = YES;
				CLANG_WARN_DEPRECATED_OBJC_IMPLEMENTATIONS = YES;
				CLANG_WARN_DIRECT_OBJC_ISA_USAGE = YES_ERROR;
				CLANG_WARN_DOCUMENTATION_COMMENTS = YES;
				CLANG_WARN_EMPTY_BODY = YES;
				CLANG_WARN_ENUM_CONVERSION = YES;
				CLANG_WARN_INFINITE_RECURSION = YES;
				CLANG_WARN_INT_CONVERSION = YES;
				CLANG_WARN_NON_LITERAL_NULL_CONVERSION = YES;
				CLANG_WARN_OBJC_IMPLICIT_RETAIN_SELF = YES;
				CLANG_WARN_OBJC_LITERAL_CONVERSION = YES;
				CLANG_WARN_OBJC_ROOT_CLASS = YES_ERROR;
				CLANG_WARN_QUOTED_INCLUDE_IN_FRAMEWORK_HEADER = YES;
				CLANG_WARN_RANGE_LOOP_ANALYSIS = YES;
				CLANG_WARN_STRICT_PROTOTYPES = YES;
				CLANG_WARN_SUSPICIOUS_MOVE = YES;
				CLANG_WARN_UNGUARDED_AVAILABILITY = YES_AGGRESSIVE;
				CLANG_WARN_UNREACHABLE_CODE = YES;
				CLANG_WARN__DUPLICATE_METHOD_MATCH = YES;
				COPY_PHASE_STRIP = NO;
				DEBUG_INFORMATION_FORMAT = "dwarf-with-dsym";
				ENABLE_NS_ASSERTIONS = NO;
				ENABLE_STRICT_OBJC_MSGSEND = YES;
				ENABLE_USER_SCRIPT_SANDBOXING = YES;
				GCC_C_LANGUAGE_STANDARD = gnu17;
				GCC_NO_COMMON_BLOCKS = YES;
				GCC_WARN_64_TO_32_BIT_CONVERSION = YES;
				GCC_WARN_ABOUT_RETURN_TYPE = YES_ERROR;
				GCC_WARN_UNDECLARED_SELECTOR = YES;
				GCC_WARN_UNINITIALIZED_AUTOS = YES_AGGRESSIVE;
				GCC_WARN_UNUSED_FUNCTION = YES;
				GCC_WARN_UNUSED_VARIABLE = YES;
				IPHONEOS_DEPLOYMENT_TARGET = 17.2;
				LOCALIZATION_PREFERS_STRING_CATALOGS = YES;
				MTL_ENABLE_DEBUG_INFO = NO;
				MTL_FAST_MATH = YES;
				SDKROOT = iphoneos;
				SWIFT_COMPILATION_MODE = wholemodule;
				VALIDATE_PRODUCT = YES;
			};
			name = Release;
		};
		2A8C488A2C1FB8F5007C0D98 /* Debug */ = {
			isa = XCBuildConfiguration;
			buildSettings = {
				ASSETCATALOG_COMPILER_APPICON_NAME = AppIcon;
				ASSETCATALOG_COMPILER_GLOBAL_ACCENT_COLOR_NAME = AccentColor;
				CODE_SIGN_STYLE = Automatic;
				CURRENT_PROJECT_VERSION = 1;
				DEVELOPMENT_ASSET_PATHS = "\"Weather App/Preview Content\"";
				DEVELOPMENT_TEAM = 3HG5MWXX6C;
				ENABLE_PREVIEWS = YES;
				GENERATE_INFOPLIST_FILE = YES;
				INFOPLIST_KEY_UIApplicationSceneManifest_Generation = YES;
				INFOPLIST_KEY_UIApplicationSupportsIndirectInputEvents = YES;
				INFOPLIST_KEY_UILaunchScreen_Generation = YES;
				INFOPLIST_KEY_UISupportedInterfaceOrientations_iPad = "UIInterfaceOrientationPortrait UIInterfaceOrientationPortraitUpsideDown UIInterfaceOrientationLandscapeLeft UIInterfaceOrientationLandscapeRight";
				INFOPLIST_KEY_UISupportedInterfaceOrientations_iPhone = "UIInterfaceOrientationPortrait UIInterfaceOrientationLandscapeLeft UIInterfaceOrientationLandscapeRight";
				LD_RUNPATH_SEARCH_PATHS = (
					"$(inherited)",
					"@executable_path/Frameworks",
				);
				MARKETING_VERSION = 1.0;
				PRODUCT_BUNDLE_IDENTIFIER = "com.sosuapp.Weather-App";
				PRODUCT_NAME = "$(TARGET_NAME)";
				SWIFT_EMIT_LOC_STRINGS = YES;
				SWIFT_VERSION = 5.0;
				TARGETED_DEVICE_FAMILY = "1,2";
			};
			name = Debug;
		};
		2A8C488B2C1FB8F5007C0D98 /* Release */ = {
			isa = XCBuildConfiguration;
			buildSettings = {
				ASSETCATALOG_COMPILER_APPICON_NAME = AppIcon;
				ASSETCATALOG_COMPILER_GLOBAL_ACCENT_COLOR_NAME = AccentColor;
				CODE_SIGN_STYLE = Automatic;
				CURRENT_PROJECT_VERSION = 1;
				DEVELOPMENT_ASSET_PATHS = "\"Weather App/Preview Content\"";
				DEVELOPMENT_TEAM = 3HG5MWXX6C;
				ENABLE_PREVIEWS = YES;
				GENERATE_INFOPLIST_FILE = YES;
				INFOPLIST_KEY_UIApplicationSceneManifest_Generation = YES;
				INFOPLIST_KEY_UIApplicationSupportsIndirectInputEvents = YES;
				INFOPLIST_KEY_UILaunchScreen_Generation = YES;
				INFOPLIST_KEY_UISupportedInterfaceOrientations_iPad = "UIInterfaceOrientationPortrait UIInterfaceOrientationPortraitUpsideDown UIInterfaceOrientationLandscapeLeft UIInterfaceOrientationLandscapeRight";
				INFOPLIST_KEY_UISupportedInterfaceOrientations_iPhone = "UIInterfaceOrientationPortrait UIInterfaceOrientationLandscapeLeft UIInterfaceOrientationLandscapeRight";
				LD_RUNPATH_SEARCH_PATHS = (
					"$(inherited)",
					"@executable_path/Frameworks",
				);
				MARKETING_VERSION = 1.0;
				PRODUCT_BUNDLE_IDENTIFIER = "com.sosuapp.Weather-App";
				PRODUCT_NAME = "$(TARGET_NAME)";
				SWIFT_EMIT_LOC_STRINGS = YES;
				SWIFT_VERSION = 5.0;
				TARGETED_DEVICE_FAMILY = "1,2";
			};
			name = Release;
		};
		2A8C488D2C1FB8F5007C0D98 /* Debug */ = {
			isa = XCBuildConfiguration;
			buildSettings = {
				ALWAYS_EMBED_SWIFT_STANDARD_LIBRARIES = YES;
				BUNDLE_LOADER = "$(TEST_HOST)";
				CODE_SIGN_STYLE = Automatic;
				CURRENT_PROJECT_VERSION = 1;
				DEVELOPMENT_TEAM = 3HG5MWXX6C;
				GENERATE_INFOPLIST_FILE = YES;
				IPHONEOS_DEPLOYMENT_TARGET = 17.2;
				MARKETING_VERSION = 1.0;
				PRODUCT_BUNDLE_IDENTIFIER = "com.sosuapp.Weather-AppTests";
				PRODUCT_NAME = "$(TARGET_NAME)";
				SWIFT_EMIT_LOC_STRINGS = NO;
				SWIFT_VERSION = 5.0;
				TARGETED_DEVICE_FAMILY = "1,2";
				TEST_HOST = "$(BUILT_PRODUCTS_DIR)/Weather App.app/$(BUNDLE_EXECUTABLE_FOLDER_PATH)/Weather App";
			};
			name = Debug;
		};
		2A8C488E2C1FB8F5007C0D98 /* Release */ = {
			isa = XCBuildConfiguration;
			buildSettings = {
				ALWAYS_EMBED_SWIFT_STANDARD_LIBRARIES = YES;
				BUNDLE_LOADER = "$(TEST_HOST)";
				CODE_SIGN_STYLE = Automatic;
				CURRENT_PROJECT_VERSION = 1;
				DEVELOPMENT_TEAM = 3HG5MWXX6C;
				GENERATE_INFOPLIST_FILE = YES;
				IPHONEOS_DEPLOYMENT_TARGET = 17.2;
				MARKETING_VERSION = 1.0;
				PRODUCT_BUNDLE_IDENTIFIER = "com.sosuapp.Weather-AppTests";
				PRODUCT_NAME = "$(TARGET_NAME)";
				SWIFT_EMIT_LOC_STRINGS = NO;
				SWIFT_VERSION = 5.0;
				TARGETED_DEVICE_FAMILY = "1,2";
				TEST_HOST = "$(BUILT_PRODUCTS_DIR)/Weather App.app/$(BUNDLE_EXECUTABLE_FOLDER_PATH)/Weather App";
			};
			name = Release;
		};
		2A8C48902C1FB8F5007C0D98 /* Debug */ = {
			isa = XCBuildConfiguration;
			buildSettings = {
				ALWAYS_EMBED_SWIFT_STANDARD_LIBRARIES = YES;
				CODE_SIGN_STYLE = Automatic;
				CURRENT_PROJECT_VERSION = 1;
				DEVELOPMENT_TEAM = 3HG5MWXX6C;
				GENERATE_INFOPLIST_FILE = YES;
				MARKETING_VERSION = 1.0;
				PRODUCT_BUNDLE_IDENTIFIER = "com.sosuapp.Weather-AppUITests";
				PRODUCT_NAME = "$(TARGET_NAME)";
				SWIFT_EMIT_LOC_STRINGS = NO;
				SWIFT_VERSION = 5.0;
				TARGETED_DEVICE_FAMILY = "1,2";
				TEST_TARGET_NAME = "Weather App";
			};
			name = Debug;
		};
		2A8C48912C1FB8F5007C0D98 /* Release */ = {
			isa = XCBuildConfiguration;
			buildSettings = {
				ALWAYS_EMBED_SWIFT_STANDARD_LIBRARIES = YES;
				CODE_SIGN_STYLE = Automatic;
				CURRENT_PROJECT_VERSION = 1;
				DEVELOPMENT_TEAM = 3HG5MWXX6C;
				GENERATE_INFOPLIST_FILE = YES;
				MARKETING_VERSION = 1.0;
				PRODUCT_BUNDLE_IDENTIFIER = "com.sosuapp.Weather-AppUITests";
				PRODUCT_NAME = "$(TARGET_NAME)";
				SWIFT_EMIT_LOC_STRINGS = NO;
				SWIFT_VERSION = 5.0;
				TARGETED_DEVICE_FAMILY = "1,2";
				TEST_TARGET_NAME = "Weather App";
			};
			name = Release;
		};
/* End XCBuildConfiguration section */

/* Begin XCConfigurationList section */
		2A8C485B2C1FB8F3007C0D98 /* Build configuration list for PBXProject "Weather App" */ = {
			isa = XCConfigurationList;
			buildConfigurations = (
				2A8C48872C1FB8F5007C0D98 /* Debug */,
				2A8C48882C1FB8F5007C0D98 /* Release */,
			);
			defaultConfigurationIsVisible = 0;
			defaultConfigurationName = Release;
		};
		2A8C48892C1FB8F5007C0D98 /* Build configuration list for PBXNativeTarget "Weather App" */ = {
			isa = XCConfigurationList;
			buildConfigurations = (
				2A8C488A2C1FB8F5007C0D98 /* Debug */,
				2A8C488B2C1FB8F5007C0D98 /* Release */,
			);
			defaultConfigurationIsVisible = 0;
			defaultConfigurationName = Release;
		};
		2A8C488C2C1FB8F5007C0D98 /* Build configuration list for PBXNativeTarget "Weather AppTests" */ = {
			isa = XCConfigurationList;
			buildConfigurations = (
				2A8C488D2C1FB8F5007C0D98 /* Debug */,
				2A8C488E2C1FB8F5007C0D98 /* Release */,
			);
			defaultConfigurationIsVisible = 0;
			defaultConfigurationName = Release;
		};
		2A8C488F2C1FB8F5007C0D98 /* Build configuration list for PBXNativeTarget "Weather AppUITests" */ = {
			isa = XCConfigurationList;
			buildConfigurations = (
				2A8C48902C1FB8F5007C0D98 /* Debug */,
				2A8C48912C1FB8F5007C0D98 /* Release */,
			);
			defaultConfigurationIsVisible = 0;
			defaultConfigurationName = Release;
		};
/* End XCConfigurationList section */

/* Begin XCRemoteSwiftPackageReference section */
		2A8C489A2C224CD4007C0D98 /* XCRemoteSwiftPackageReference "SDWebImageSwiftUI" */ = {
			isa = XCRemoteSwiftPackageReference;
			repositoryURL = "https://github.com/SDWebImage/SDWebImageSwiftUI?tab=readme-ov-file";
			requirement = {
				kind = upToNextMajorVersion;
				minimumVersion = 3.0.4;
			};
		};
/* End XCRemoteSwiftPackageReference section */

/* Begin XCSwiftPackageProductDependency section */
		2A8C489B2C224CD4007C0D98 /* SDWebImageSwiftUI */ = {
			isa = XCSwiftPackageProductDependency;
			package = 2A8C489A2C224CD4007C0D98 /* XCRemoteSwiftPackageReference "SDWebImageSwiftUI" */;
			productName = SDWebImageSwiftUI;
		};
/* End XCSwiftPackageProductDependency section */

/* Begin XCVersionGroup section */
		2A8C486E2C1FB8F4007C0D98 /* Weather_App.xcdatamodeld */ = {
			isa = XCVersionGroup;
			children = (
				2A8C486F2C1FB8F4007C0D98 /* Weather_App.xcdatamodel */,
			);
			currentVersion = 2A8C486F2C1FB8F4007C0D98 /* Weather_App.xcdatamodel */;
			path = Weather_App.xcdatamodeld;
			sourceTree = "<group>";
			versionGroupType = wrapper.xcdatamodel;
		};
/* End XCVersionGroup section */
	};
	rootObject = 2A8C48582C1FB8F3007C0D98 /* Project object */;
}
